
Microsoft Visual Studio Solution File, Format Version 12.00
# Visual Studio Version 16
VisualStudioVersion = 16.0.33214.272
MinimumVisualStudioVersion = 10.0.40219.1
Project("{9A19103F-16F7-4668-BE54-9A1E7A4F7556}") = "Mission04_lear99", "Mission04_lear99\Mission04_lear99.csproj", "{7E927DFA-4301-4CF5-A1BB-ECFEB638C68E}"
EndProject
Global
	GlobalSection(SolutionConfigurationPlatforms) = preSolution
		Debug|Any CPU = Debug|Any CPU
		Release|Any CPU = Release|Any CPU
	EndGlobalSection
	GlobalSection(ProjectConfigurationPlatforms) = postSolution
		{7E927DFA-4301-4CF5-A1BB-ECFEB638C68E}.Debug|Any CPU.ActiveCfg = Debug|Any CPU
		{7E927DFA-4301-4CF5-A1BB-ECFEB638C68E}.Debug|Any CPU.Build.0 = Debug|Any CPU
		{7E927DFA-4301-4CF5-A1BB-ECFEB638C68E}.Release|Any CPU.ActiveCfg = Release|Any CPU
		{7E927DFA-4301-4CF5-A1BB-ECFEB638C68E}.Release|Any CPU.Build.0 = Release|Any CPU
	EndGlobalSection
	GlobalSection(SolutionProperties) = preSolution
		HideSolutionNode = FALSE
	EndGlobalSection
	GlobalSection(ExtensibilityGlobals) = postSolution
		SolutionGuid = {5182AF1C-5475-4C05-A24C-4DA0C38B1D34}
	EndGlobalSection
EndGlobal
